
Microsoft Visual Studio Solution File, Format Version 12.00
# Visual Studio Version 16
VisualStudioVersion = 16.0.29728.190
MinimumVisualStudioVersion = 10.0.40219.1
Project("{FAE04EC0-301F-11D3-BF4B-00C04F79EFBC}") = "HutInTheWoods.Data", "HutInTheWoods.Data\HutInTheWoods.Data.csproj", "{CAD63312-7328-4657-86D9-BA6D06BB2293}"
EndProject
Project("{FAE04EC0-301F-11D3-BF4B-00C04F79EFBC}") = "HutInTheWoods.WebApi", "HutInTheWoods.WebApi\HutInTheWoods.WebApi.csproj", "{8EB684F4-9412-46F2-9A71-3C0B5D087105}"
EndProject
Project("{FAE04EC0-301F-11D3-BF4B-00C04F79EFBC}") = "HutInTheWoods.Mvc", "HutInTheWoods.Mvc\HutInTheWoods.Mvc.csproj", "{74F41033-1DBB-4921-BC7A-5DD626C7C70F}"
EndProject
Global
	GlobalSection(SolutionConfigurationPlatforms) = preSolution
		Debug|Any CPU = Debug|Any CPU
		Release|Any CPU = Release|Any CPU
	EndGlobalSection
	GlobalSection(ProjectConfigurationPlatforms) = postSolution
		{CAD63312-7328-4657-86D9-BA6D06BB2293}.Debug|Any CPU.ActiveCfg = Debug|Any CPU
		{CAD63312-7328-4657-86D9-BA6D06BB2293}.Debug|Any CPU.Build.0 = Debug|Any CPU
		{CAD63312-7328-4657-86D9-BA6D06BB2293}.Release|Any CPU.ActiveCfg = Release|Any CPU
		{CAD63312-7328-4657-86D9-BA6D06BB2293}.Release|Any CPU.Build.0 = Release|Any CPU
		{8EB684F4-9412-46F2-9A71-3C0B5D087105}.Debug|Any CPU.ActiveCfg = Debug|Any CPU
		{8EB684F4-9412-46F2-9A71-3C0B5D087105}.Debug|Any CPU.Build.0 = Debug|Any CPU
		{8EB684F4-9412-46F2-9A71-3C0B5D087105}.Release|Any CPU.ActiveCfg = Release|Any CPU
		{8EB684F4-9412-46F2-9A71-3C0B5D087105}.Release|Any CPU.Build.0 = Release|Any CPU
		{74F41033-1DBB-4921-BC7A-5DD626C7C70F}.Debug|Any CPU.ActiveCfg = Debug|Any CPU
		{74F41033-1DBB-4921-BC7A-5DD626C7C70F}.Debug|Any CPU.Build.0 = Debug|Any CPU
		{74F41033-1DBB-4921-BC7A-5DD626C7C70F}.Release|Any CPU.ActiveCfg = Release|Any CPU
		{74F41033-1DBB-4921-BC7A-5DD626C7C70F}.Release|Any CPU.Build.0 = Release|Any CPU
	EndGlobalSection
	GlobalSection(SolutionProperties) = preSolution
		HideSolutionNode = FALSE
	EndGlobalSection
	GlobalSection(ExtensibilityGlobals) = postSolution
		SolutionGuid = {B8BAA7F6-7829-40F8-AED2-1DE0EA2BDFF4}
	EndGlobalSection
EndGlobal
